// !$*UTF8*$!
{
	archiveVersion = 1;
	classes = {
	};
	objectVersion = 50;
	objects = {

/* Begin PBXBuildFile section */
		4B4CC5F850B6F1E975638832 /* Pods_SaraminSearchUITests.framework in Frameworks */ = {isa = PBXBuildFile; fileRef = 68F083B0D8C788A2A483E8D3 /* Pods_SaraminSearchUITests.framework */; };
		66D8D2C1B3DC211A75174659 /* Pods_SaraminSearch.framework in Frameworks */ = {isa = PBXBuildFile; fileRef = B4B512D5830C0E029D6C7D39 /* Pods_SaraminSearch.framework */; };
		678C1D49C35C7B91BAAD23A2 /* Pods_SaraminSearchTests.framework in Frameworks */ = {isa = PBXBuildFile; fileRef = E0547D4AB1317A858436436D /* Pods_SaraminSearchTests.framework */; };
		8A943C3D20E3847700580920 /* AppDelegate.swift in Sources */ = {isa = PBXBuildFile; fileRef = 8A943C3C20E3847700580920 /* AppDelegate.swift */; };
		8A943C3F20E3847700580920 /* MainViewController.swift in Sources */ = {isa = PBXBuildFile; fileRef = 8A943C3E20E3847700580920 /* MainViewController.swift */; };
		8A943C4220E3847700580920 /* Main.storyboard in Resources */ = {isa = PBXBuildFile; fileRef = 8A943C4020E3847700580920 /* Main.storyboard */; };
		8A943C4420E3847900580920 /* Assets.xcassets in Resources */ = {isa = PBXBuildFile; fileRef = 8A943C4320E3847900580920 /* Assets.xcassets */; };
		8A943C5220E3847A00580920 /* SaraminJobSearchTests.swift in Sources */ = {isa = PBXBuildFile; fileRef = 8A943C5120E3847A00580920 /* SaraminJobSearchTests.swift */; };
		8A943C5D20E3847A00580920 /* SaraminJobSearchUITests.swift in Sources */ = {isa = PBXBuildFile; fileRef = 8A943C5C20E3847A00580920 /* SaraminJobSearchUITests.swift */; };
		8A943C7120E385AA00580920 /* Launch Screen.storyboard in Resources */ = {isa = PBXBuildFile; fileRef = 8A943C7020E385AA00580920 /* Launch Screen.storyboard */; };
/* End PBXBuildFile section */

/* Begin PBXContainerItemProxy section */
		8A943C4E20E3847900580920 /* PBXContainerItemProxy */ = {
			isa = PBXContainerItemProxy;
			containerPortal = 8A943C3120E3847700580920 /* Project object */;
			proxyType = 1;
			remoteGlobalIDString = 8A943C3820E3847700580920;
			remoteInfo = SaraminJobSearch;
		};
		8A943C5920E3847A00580920 /* PBXContainerItemProxy */ = {
			isa = PBXContainerItemProxy;
			containerPortal = 8A943C3120E3847700580920 /* Project object */;
			proxyType = 1;
			remoteGlobalIDString = 8A943C3820E3847700580920;
			remoteInfo = SaraminJobSearch;
		};
/* End PBXContainerItemProxy section */

/* Begin PBXFileReference section */
		00FBF5712A1A06FE87766503 /* Pods-SaraminSearch.debug.xcconfig */ = {isa = PBXFileReference; includeInIndex = 1; lastKnownFileType = text.xcconfig; name = "Pods-SaraminSearch.debug.xcconfig"; path = "Pods/Target Support Files/Pods-SaraminSearch/Pods-SaraminSearch.debug.xcconfig"; sourceTree = "<group>"; };
		38D1F715CFA71DE6F657FD60 /* Pods-SaraminSearchTests.release.xcconfig */ = {isa = PBXFileReference; includeInIndex = 1; lastKnownFileType = text.xcconfig; name = "Pods-SaraminSearchTests.release.xcconfig"; path = "Pods/Target Support Files/Pods-SaraminSearchTests/Pods-SaraminSearchTests.release.xcconfig"; sourceTree = "<group>"; };
		4D57CBE7435A8716789AD4E2 /* Pods-SaraminSearchTests.debug.xcconfig */ = {isa = PBXFileReference; includeInIndex = 1; lastKnownFileType = text.xcconfig; name = "Pods-SaraminSearchTests.debug.xcconfig"; path = "Pods/Target Support Files/Pods-SaraminSearchTests/Pods-SaraminSearchTests.debug.xcconfig"; sourceTree = "<group>"; };
		4FF37F709C7D65BFDCCDEB2E /* Pods-SaraminSearchUITests.release.xcconfig */ = {isa = PBXFileReference; includeInIndex = 1; lastKnownFileType = text.xcconfig; name = "Pods-SaraminSearchUITests.release.xcconfig"; path = "Pods/Target Support Files/Pods-SaraminSearchUITests/Pods-SaraminSearchUITests.release.xcconfig"; sourceTree = "<group>"; };
		68F083B0D8C788A2A483E8D3 /* Pods_SaraminSearchUITests.framework */ = {isa = PBXFileReference; explicitFileType = wrapper.framework; includeInIndex = 0; path = Pods_SaraminSearchUITests.framework; sourceTree = BUILT_PRODUCTS_DIR; };
		7ACDDE9DFA6EB5AF7E170A51 /* Pods-SaraminSearchUITests.debug.xcconfig */ = {isa = PBXFileReference; includeInIndex = 1; lastKnownFileType = text.xcconfig; name = "Pods-SaraminSearchUITests.debug.xcconfig"; path = "Pods/Target Support Files/Pods-SaraminSearchUITests/Pods-SaraminSearchUITests.debug.xcconfig"; sourceTree = "<group>"; };
		8A943C3920E3847700580920 /* SaraminSearch.app */ = {isa = PBXFileReference; explicitFileType = wrapper.application; includeInIndex = 0; path = SaraminSearch.app; sourceTree = BUILT_PRODUCTS_DIR; };
		8A943C3C20E3847700580920 /* AppDelegate.swift */ = {isa = PBXFileReference; lastKnownFileType = sourcecode.swift; path = AppDelegate.swift; sourceTree = "<group>"; };
		8A943C3E20E3847700580920 /* MainViewController.swift */ = {isa = PBXFileReference; lastKnownFileType = sourcecode.swift; path = MainViewController.swift; sourceTree = "<group>"; };
		8A943C4120E3847700580920 /* Base */ = {isa = PBXFileReference; lastKnownFileType = file.storyboard; name = Base; path = Base.lproj/Main.storyboard; sourceTree = "<group>"; };
		8A943C4320E3847900580920 /* Assets.xcassets */ = {isa = PBXFileReference; lastKnownFileType = folder.assetcatalog; path = Assets.xcassets; sourceTree = "<group>"; };
		8A943C4820E3847900580920 /* Info.plist */ = {isa = PBXFileReference; lastKnownFileType = text.plist.xml; path = Info.plist; sourceTree = "<group>"; };
		8A943C4D20E3847900580920 /* SaraminSearchTests.xctest */ = {isa = PBXFileReference; explicitFileType = wrapper.cfbundle; includeInIndex = 0; path = SaraminSearchTests.xctest; sourceTree = BUILT_PRODUCTS_DIR; };
		8A943C5120E3847A00580920 /* SaraminJobSearchTests.swift */ = {isa = PBXFileReference; lastKnownFileType = sourcecode.swift; path = SaraminJobSearchTests.swift; sourceTree = "<group>"; };
		8A943C5320E3847A00580920 /* Info.plist */ = {isa = PBXFileReference; lastKnownFileType = text.plist.xml; path = Info.plist; sourceTree = "<group>"; };
		8A943C5820E3847A00580920 /* SaraminSearchUITests.xctest */ = {isa = PBXFileReference; explicitFileType = wrapper.cfbundle; includeInIndex = 0; path = SaraminSearchUITests.xctest; sourceTree = BUILT_PRODUCTS_DIR; };
		8A943C5C20E3847A00580920 /* SaraminJobSearchUITests.swift */ = {isa = PBXFileReference; lastKnownFileType = sourcecode.swift; path = SaraminJobSearchUITests.swift; sourceTree = "<group>"; };
		8A943C5E20E3847A00580920 /* Info.plist */ = {isa = PBXFileReference; lastKnownFileType = text.plist.xml; path = Info.plist; sourceTree = "<group>"; };
		8A943C7020E385AA00580920 /* Launch Screen.storyboard */ = {isa = PBXFileReference; lastKnownFileType = file.storyboard; path = "Launch Screen.storyboard"; sourceTree = "<group>"; };
		B4B512D5830C0E029D6C7D39 /* Pods_SaraminSearch.framework */ = {isa = PBXFileReference; explicitFileType = wrapper.framework; includeInIndex = 0; path = Pods_SaraminSearch.framework; sourceTree = BUILT_PRODUCTS_DIR; };
		E0547D4AB1317A858436436D /* Pods_SaraminSearchTests.framework */ = {isa = PBXFileReference; explicitFileType = wrapper.framework; includeInIndex = 0; path = Pods_SaraminSearchTests.framework; sourceTree = BUILT_PRODUCTS_DIR; };
		F6135532A035394F000BC334 /* Pods-SaraminSearch.release.xcconfig */ = {isa = PBXFileReference; includeInIndex = 1; lastKnownFileType = text.xcconfig; name = "Pods-SaraminSearch.release.xcconfig"; path = "Pods/Target Support Files/Pods-SaraminSearch/Pods-SaraminSearch.release.xcconfig"; sourceTree = "<group>"; };
/* End PBXFileReference section */

/* Begin PBXFrameworksBuildPhase section */
		8A943C3620E3847700580920 /* Frameworks */ = {
			isa = PBXFrameworksBuildPhase;
			buildActionMask = 2147483647;
			files = (
				66D8D2C1B3DC211A75174659 /* Pods_SaraminSearch.framework in Frameworks */,
			);
			runOnlyForDeploymentPostprocessing = 0;
		};
		8A943C4A20E3847900580920 /* Frameworks */ = {
			isa = PBXFrameworksBuildPhase;
			buildActionMask = 2147483647;
			files = (
				678C1D49C35C7B91BAAD23A2 /* Pods_SaraminSearchTests.framework in Frameworks */,
			);
			runOnlyForDeploymentPostprocessing = 0;
		};
		8A943C5520E3847A00580920 /* Frameworks */ = {
			isa = PBXFrameworksBuildPhase;
			buildActionMask = 2147483647;
			files = (
				4B4CC5F850B6F1E975638832 /* Pods_SaraminSearchUITests.framework in Frameworks */,
			);
			runOnlyForDeploymentPostprocessing = 0;
		};
/* End PBXFrameworksBuildPhase section */

/* Begin PBXGroup section */
		8A943C3020E3847700580920 = {
			isa = PBXGroup;
			children = (
				8A943C3B20E3847700580920 /* SaraminSearch */,
				8A943C5020E3847A00580920 /* SaraminSearchTests */,
				8A943C5B20E3847A00580920 /* SaraminSearchUITests */,
				8A943C3A20E3847700580920 /* Products */,
				F2F55D278BEB9EC464BD383F /* Pods */,
				A6E3B136C81708F97D61EA97 /* Frameworks */,
			);
			sourceTree = "<group>";
		};
		8A943C3A20E3847700580920 /* Products */ = {
			isa = PBXGroup;
			children = (
				8A943C3920E3847700580920 /* SaraminSearch.app */,
				8A943C4D20E3847900580920 /* SaraminSearchTests.xctest */,
				8A943C5820E3847A00580920 /* SaraminSearchUITests.xctest */,
			);
			name = Products;
			sourceTree = "<group>";
		};
		8A943C3B20E3847700580920 /* SaraminSearch */ = {
			isa = PBXGroup;
			children = (
				8A943C6A20E3852A00580920 /* Extension */,
				8A943C6B20E3853100580920 /* Helper */,
				8A943C6D20E3853D00580920 /* View */,
				8A943C6C20E3853900580920 /* ViewController */,
				8A943C6E20E3855000580920 /* Storyboard */,
				8A943C6F20E3855A00580920 /* SupportingFiles */,
			);
			path = SaraminSearch;
			sourceTree = "<group>";
		};
		8A943C5020E3847A00580920 /* SaraminSearchTests */ = {
			isa = PBXGroup;
			children = (
				8A943C5120E3847A00580920 /* SaraminJobSearchTests.swift */,
				8A943C5320E3847A00580920 /* Info.plist */,
			);
			path = SaraminSearchTests;
			sourceTree = "<group>";
		};
		8A943C5B20E3847A00580920 /* SaraminSearchUITests */ = {
			isa = PBXGroup;
			children = (
				8A943C5C20E3847A00580920 /* SaraminJobSearchUITests.swift */,
				8A943C5E20E3847A00580920 /* Info.plist */,
			);
			path = SaraminSearchUITests;
			sourceTree = "<group>";
		};
		8A943C6A20E3852A00580920 /* Extension */ = {
			isa = PBXGroup;
			children = (
			);
			path = Extension;
			sourceTree = "<group>";
		};
		8A943C6B20E3853100580920 /* Helper */ = {
			isa = PBXGroup;
			children = (
			);
			path = Helper;
			sourceTree = "<group>";
		};
		8A943C6C20E3853900580920 /* ViewController */ = {
			isa = PBXGroup;
			children = (
				8A943C3E20E3847700580920 /* MainViewController.swift */,
			);
			path = ViewController;
			sourceTree = "<group>";
		};
		8A943C6D20E3853D00580920 /* View */ = {
			isa = PBXGroup;
			children = (
			);
			path = View;
			sourceTree = "<group>";
		};
		8A943C6E20E3855000580920 /* Storyboard */ = {
			isa = PBXGroup;
			children = (
				8A943C4020E3847700580920 /* Main.storyboard */,
				8A943C7020E385AA00580920 /* Launch Screen.storyboard */,
			);
			path = Storyboard;
			sourceTree = "<group>";
		};
		8A943C6F20E3855A00580920 /* SupportingFiles */ = {
			isa = PBXGroup;
			children = (
				8A943C3C20E3847700580920 /* AppDelegate.swift */,
				8A943C4320E3847900580920 /* Assets.xcassets */,
				8A943C4820E3847900580920 /* Info.plist */,
			);
			path = SupportingFiles;
			sourceTree = "<group>";
		};
		A6E3B136C81708F97D61EA97 /* Frameworks */ = {
			isa = PBXGroup;
			children = (
				B4B512D5830C0E029D6C7D39 /* Pods_SaraminSearch.framework */,
				E0547D4AB1317A858436436D /* Pods_SaraminSearchTests.framework */,
				68F083B0D8C788A2A483E8D3 /* Pods_SaraminSearchUITests.framework */,
			);
			name = Frameworks;
			sourceTree = "<group>";
		};
		F2F55D278BEB9EC464BD383F /* Pods */ = {
			isa = PBXGroup;
			children = (
				00FBF5712A1A06FE87766503 /* Pods-SaraminSearch.debug.xcconfig */,
				F6135532A035394F000BC334 /* Pods-SaraminSearch.release.xcconfig */,
				4D57CBE7435A8716789AD4E2 /* Pods-SaraminSearchTests.debug.xcconfig */,
				38D1F715CFA71DE6F657FD60 /* Pods-SaraminSearchTests.release.xcconfig */,
				7ACDDE9DFA6EB5AF7E170A51 /* Pods-SaraminSearchUITests.debug.xcconfig */,
				4FF37F709C7D65BFDCCDEB2E /* Pods-SaraminSearchUITests.release.xcconfig */,
			);
			name = Pods;
			sourceTree = "<group>";
		};
/* End PBXGroup section */

/* Begin PBXNativeTarget section */
		8A943C3820E3847700580920 /* SaraminSearch */ = {
			isa = PBXNativeTarget;
			buildConfigurationList = 8A943C6120E3847A00580920 /* Build configuration list for PBXNativeTarget "SaraminSearch" */;
			buildPhases = (
				60C2003D0212A62B55238FC5 /* [CP] Check Pods Manifest.lock */,
				8A943C3520E3847700580920 /* Sources */,
				8A943C3620E3847700580920 /* Frameworks */,
				8A943C3720E3847700580920 /* Resources */,
				FB47062E0FC5A6719417CEA4 /* [CP] Embed Pods Frameworks */,
			);
			buildRules = (
			);
			dependencies = (
			);
			name = SaraminSearch;
			productName = SaraminJobSearch;
			productReference = 8A943C3920E3847700580920 /* SaraminSearch.app */;
			productType = "com.apple.product-type.application";
		};
		8A943C4C20E3847900580920 /* SaraminSearchTests */ = {
			isa = PBXNativeTarget;
			buildConfigurationList = 8A943C6420E3847A00580920 /* Build configuration list for PBXNativeTarget "SaraminSearchTests" */;
			buildPhases = (
				742874D38135AE45C1A9E684 /* [CP] Check Pods Manifest.lock */,
				8A943C4920E3847900580920 /* Sources */,
				8A943C4A20E3847900580920 /* Frameworks */,
				8A943C4B20E3847900580920 /* Resources */,
			);
			buildRules = (
			);
			dependencies = (
				8A943C4F20E3847900580920 /* PBXTargetDependency */,
			);
			name = SaraminSearchTests;
			productName = SaraminJobSearchTests;
			productReference = 8A943C4D20E3847900580920 /* SaraminSearchTests.xctest */;
			productType = "com.apple.product-type.bundle.unit-test";
		};
		8A943C5720E3847A00580920 /* SaraminSearchUITests */ = {
			isa = PBXNativeTarget;
			buildConfigurationList = 8A943C6720E3847A00580920 /* Build configuration list for PBXNativeTarget "SaraminSearchUITests" */;
			buildPhases = (
				2F085902AFE4598AA2FBFDE4 /* [CP] Check Pods Manifest.lock */,
				8A943C5420E3847A00580920 /* Sources */,
				8A943C5520E3847A00580920 /* Frameworks */,
				8A943C5620E3847A00580920 /* Resources */,
			);
			buildRules = (
			);
			dependencies = (
				8A943C5A20E3847A00580920 /* PBXTargetDependency */,
			);
			name = SaraminSearchUITests;
			productName = SaraminJobSearchUITests;
			productReference = 8A943C5820E3847A00580920 /* SaraminSearchUITests.xctest */;
			productType = "com.apple.product-type.bundle.ui-testing";
		};
/* End PBXNativeTarget section */

/* Begin PBXProject section */
		8A943C3120E3847700580920 /* Project object */ = {
			isa = PBXProject;
			attributes = {
				LastSwiftUpdateCheck = 0940;
				LastUpgradeCheck = 0940;
				ORGANIZATIONNAME = "Sung Hyun";
				TargetAttributes = {
					8A943C3820E3847700580920 = {
						CreatedOnToolsVersion = 9.4.1;
					};
					8A943C4C20E3847900580920 = {
						CreatedOnToolsVersion = 9.4.1;
						TestTargetID = 8A943C3820E3847700580920;
					};
					8A943C5720E3847A00580920 = {
						CreatedOnToolsVersion = 9.4.1;
						TestTargetID = 8A943C3820E3847700580920;
					};
				};
			};
			buildConfigurationList = 8A943C3420E3847700580920 /* Build configuration list for PBXProject "SaraminSearch" */;
			compatibilityVersion = "Xcode 9.3";
			developmentRegion = en;
			hasScannedForEncodings = 0;
			knownRegions = (
				en,
				Base,
			);
			mainGroup = 8A943C3020E3847700580920;
			productRefGroup = 8A943C3A20E3847700580920 /* Products */;
			projectDirPath = "";
			projectRoot = "";
			targets = (
				8A943C3820E3847700580920 /* SaraminSearch */,
				8A943C4C20E3847900580920 /* SaraminSearchTests */,
				8A943C5720E3847A00580920 /* SaraminSearchUITests */,
			);
		};
/* End PBXProject section */

/* Begin PBXResourcesBuildPhase section */
		8A943C3720E3847700580920 /* Resources */ = {
			isa = PBXResourcesBuildPhase;
			buildActionMask = 2147483647;
			files = (
				8A943C7120E385AA00580920 /* Launch Screen.storyboard in Resources */,
				8A943C4420E3847900580920 /* Assets.xcassets in Resources */,
				8A943C4220E3847700580920 /* Main.storyboard in Resources */,
			);
			runOnlyForDeploymentPostprocessing = 0;
		};
		8A943C4B20E3847900580920 /* Resources */ = {
			isa = PBXResourcesBuildPhase;
			buildActionMask = 2147483647;
			files = (
			);
			runOnlyForDeploymentPostprocessing = 0;
		};
		8A943C5620E3847A00580920 /* Resources */ = {
			isa = PBXResourcesBuildPhase;
			buildActionMask = 2147483647;
			files = (
			);
			runOnlyForDeploymentPostprocessing = 0;
		};
/* End PBXResourcesBuildPhase section */

/* Begin PBXShellScriptBuildPhase section */
		2F085902AFE4598AA2FBFDE4 /* [CP] Check Pods Manifest.lock */ = {
			isa = PBXShellScriptBuildPhase;
			buildActionMask = 2147483647;
			files = (
			);
			inputPaths = (
				"${PODS_PODFILE_DIR_PATH}/Podfile.lock",
				"${PODS_ROOT}/Manifest.lock",
			);
			name = "[CP] Check Pods Manifest.lock";
			outputPaths = (
				"$(DERIVED_FILE_DIR)/Pods-SaraminSearchUITests-checkManifestLockResult.txt",
			);
			runOnlyForDeploymentPostprocessing = 0;
			shellPath = /bin/sh;
			shellScript = "diff \"${PODS_PODFILE_DIR_PATH}/Podfile.lock\" \"${PODS_ROOT}/Manifest.lock\" > /dev/null\nif [ $? != 0 ] ; then\n    # print error to STDERR\n    echo \"error: The sandbox is not in sync with the Podfile.lock. Run 'pod install' or update your CocoaPods installation.\" >&2\n    exit 1\nfi\n# This output is used by Xcode 'outputs' to avoid re-running this script phase.\necho \"SUCCESS\" > \"${SCRIPT_OUTPUT_FILE_0}\"\n";
			showEnvVarsInLog = 0;
		};
		60C2003D0212A62B55238FC5 /* [CP] Check Pods Manifest.lock */ = {
			isa = PBXShellScriptBuildPhase;
			buildActionMask = 2147483647;
			files = (
			);
			inputPaths = (
				"${PODS_PODFILE_DIR_PATH}/Podfile.lock",
				"${PODS_ROOT}/Manifest.lock",
			);
			name = "[CP] Check Pods Manifest.lock";
			outputPaths = (
				"$(DERIVED_FILE_DIR)/Pods-SaraminSearch-checkManifestLockResult.txt",
			);
			runOnlyForDeploymentPostprocessing = 0;
			shellPath = /bin/sh;
			shellScript = "diff \"${PODS_PODFILE_DIR_PATH}/Podfile.lock\" \"${PODS_ROOT}/Manifest.lock\" > /dev/null\nif [ $? != 0 ] ; then\n    # print error to STDERR\n    echo \"error: The sandbox is not in sync with the Podfile.lock. Run 'pod install' or update your CocoaPods installation.\" >&2\n    exit 1\nfi\n# This output is used by Xcode 'outputs' to avoid re-running this script phase.\necho \"SUCCESS\" > \"${SCRIPT_OUTPUT_FILE_0}\"\n";
			showEnvVarsInLog = 0;
		};
		742874D38135AE45C1A9E684 /* [CP] Check Pods Manifest.lock */ = {
			isa = PBXShellScriptBuildPhase;
			buildActionMask = 2147483647;
			files = (
			);
			inputPaths = (
				"${PODS_PODFILE_DIR_PATH}/Podfile.lock",
				"${PODS_ROOT}/Manifest.lock",
			);
			name = "[CP] Check Pods Manifest.lock";
			outputPaths = (
				"$(DERIVED_FILE_DIR)/Pods-SaraminSearchTests-checkManifestLockResult.txt",
			);
			runOnlyForDeploymentPostprocessing = 0;
			shellPath = /bin/sh;
			shellScript = "diff \"${PODS_PODFILE_DIR_PATH}/Podfile.lock\" \"${PODS_ROOT}/Manifest.lock\" > /dev/null\nif [ $? != 0 ] ; then\n    # print error to STDERR\n    echo \"error: The sandbox is not in sync with the Podfile.lock. Run 'pod install' or update your CocoaPods installation.\" >&2\n    exit 1\nfi\n# This output is used by Xcode 'outputs' to avoid re-running this script phase.\necho \"SUCCESS\" > \"${SCRIPT_OUTPUT_FILE_0}\"\n";
			showEnvVarsInLog = 0;
		};
		FB47062E0FC5A6719417CEA4 /* [CP] Embed Pods Frameworks */ = {
			isa = PBXShellScriptBuildPhase;
			buildActionMask = 2147483647;
			files = (
			);
			inputPaths = (
				"${SRCROOT}/Pods/Target Support Files/Pods-SaraminSearch/Pods-SaraminSearch-frameworks.sh",
				"${BUILT_PRODUCTS_DIR}/Alamofire/Alamofire.framework",
				"${BUILT_PRODUCTS_DIR}/Differentiator/Differentiator.framework",
				"${BUILT_PRODUCTS_DIR}/ReactorKit/ReactorKit.framework",
				"${BUILT_PRODUCTS_DIR}/RxAlamofire/RxAlamofire.framework",
				"${BUILT_PRODUCTS_DIR}/RxCocoa/RxCocoa.framework",
				"${BUILT_PRODUCTS_DIR}/RxDataSources/RxDataSources.framework",
				"${BUILT_PRODUCTS_DIR}/RxSwift/RxSwift.framework",
			);
			name = "[CP] Embed Pods Frameworks";
			outputPaths = (
				"${TARGET_BUILD_DIR}/${FRAMEWORKS_FOLDER_PATH}/Alamofire.framework",
				"${TARGET_BUILD_DIR}/${FRAMEWORKS_FOLDER_PATH}/Differentiator.framework",
				"${TARGET_BUILD_DIR}/${FRAMEWORKS_FOLDER_PATH}/ReactorKit.framework",
				"${TARGET_BUILD_DIR}/${FRAMEWORKS_FOLDER_PATH}/RxAlamofire.framework",
				"${TARGET_BUILD_DIR}/${FRAMEWORKS_FOLDER_PATH}/RxCocoa.framework",
				"${TARGET_BUILD_DIR}/${FRAMEWORKS_FOLDER_PATH}/RxDataSources.framework",
				"${TARGET_BUILD_DIR}/${FRAMEWORKS_FOLDER_PATH}/RxSwift.framework",
			);
			runOnlyForDeploymentPostprocessing = 0;
			shellPath = /bin/sh;
			shellScript = "\"${SRCROOT}/Pods/Target Support Files/Pods-SaraminSearch/Pods-SaraminSearch-frameworks.sh\"\n";
			showEnvVarsInLog = 0;
		};
/* End PBXShellScriptBuildPhase section */

/* Begin PBXSourcesBuildPhase section */
		8A943C3520E3847700580920 /* Sources */ = {
			isa = PBXSourcesBuildPhase;
			buildActionMask = 2147483647;
			files = (
				8A943C3F20E3847700580920 /* MainViewController.swift in Sources */,
				8A943C3D20E3847700580920 /* AppDelegate.swift in Sources */,
			);
			runOnlyForDeploymentPostprocessing = 0;
		};
		8A943C4920E3847900580920 /* Sources */ = {
			isa = PBXSourcesBuildPhase;
			buildActionMask = 2147483647;
			files = (
				8A943C5220E3847A00580920 /* SaraminJobSearchTests.swift in Sources */,
			);
			runOnlyForDeploymentPostprocessing = 0;
		};
		8A943C5420E3847A00580920 /* Sources */ = {
			isa = PBXSourcesBuildPhase;
			buildActionMask = 2147483647;
			files = (
				8A943C5D20E3847A00580920 /* SaraminJobSearchUITests.swift in Sources */,
			);
			runOnlyForDeploymentPostprocessing = 0;
		};
/* End PBXSourcesBuildPhase section */

/* Begin PBXTargetDependency section */
		8A943C4F20E3847900580920 /* PBXTargetDependency */ = {
			isa = PBXTargetDependency;
			target = 8A943C3820E3847700580920 /* SaraminSearch */;
			targetProxy = 8A943C4E20E3847900580920 /* PBXContainerItemProxy */;
		};
		8A943C5A20E3847A00580920 /* PBXTargetDependency */ = {
			isa = PBXTargetDependency;
			target = 8A943C3820E3847700580920 /* SaraminSearch */;
			targetProxy = 8A943C5920E3847A00580920 /* PBXContainerItemProxy */;
		};
/* End PBXTargetDependency section */

/* Begin PBXVariantGroup section */
		8A943C4020E3847700580920 /* Main.storyboard */ = {
			isa = PBXVariantGroup;
			children = (
				8A943C4120E3847700580920 /* Base */,
			);
			name = Main.storyboard;
			sourceTree = "<group>";
		};
/* End PBXVariantGroup section */

/* Begin XCBuildConfiguration section */
		8A943C5F20E3847A00580920 /* Debug */ = {
			isa = XCBuildConfiguration;
			buildSettings = {
				ALWAYS_SEARCH_USER_PATHS = NO;
				CLANG_ANALYZER_NONNULL = YES;
				CLANG_ANALYZER_NUMBER_OBJECT_CONVERSION = YES_AGGRESSIVE;
				CLANG_CXX_LANGUAGE_STANDARD = "gnu++14";
				CLANG_CXX_LIBRARY = "libc++";
				CLANG_ENABLE_MODULES = YES;
				CLANG_ENABLE_OBJC_ARC = YES;
				CLANG_ENABLE_OBJC_WEAK = YES;
				CLANG_WARN_BLOCK_CAPTURE_AUTORELEASING = YES;
				CLANG_WARN_BOOL_CONVERSION = YES;
				CLANG_WARN_COMMA = YES;
				CLANG_WARN_CONSTANT_CONVERSION = YES;
				CLANG_WARN_DEPRECATED_OBJC_IMPLEMENTATIONS = YES;
				CLANG_WARN_DIRECT_OBJC_ISA_USAGE = YES_ERROR;
				CLANG_WARN_DOCUMENTATION_COMMENTS = YES;
				CLANG_WARN_EMPTY_BODY = YES;
				CLANG_WARN_ENUM_CONVERSION = YES;
				CLANG_WARN_INFINITE_RECURSION = YES;
				CLANG_WARN_INT_CONVERSION = YES;
				CLANG_WARN_NON_LITERAL_NULL_CONVERSION = YES;
				CLANG_WARN_OBJC_IMPLICIT_RETAIN_SELF = YES;
				CLANG_WARN_OBJC_LITERAL_CONVERSION = YES;
				CLANG_WARN_OBJC_ROOT_CLASS = YES_ERROR;
				CLANG_WARN_RANGE_LOOP_ANALYSIS = YES;
				CLANG_WARN_STRICT_PROTOTYPES = YES;
				CLANG_WARN_SUSPICIOUS_MOVE = YES;
				CLANG_WARN_UNGUARDED_AVAILABILITY = YES_AGGRESSIVE;
				CLANG_WARN_UNREACHABLE_CODE = YES;
				CLANG_WARN__DUPLICATE_METHOD_MATCH = YES;
				CODE_SIGN_IDENTITY = "iPhone Developer";
				COPY_PHASE_STRIP = NO;
				DEBUG_INFORMATION_FORMAT = dwarf;
				ENABLE_STRICT_OBJC_MSGSEND = YES;
				ENABLE_TESTABILITY = YES;
				GCC_C_LANGUAGE_STANDARD = gnu11;
				GCC_DYNAMIC_NO_PIC = NO;
				GCC_NO_COMMON_BLOCKS = YES;
				GCC_OPTIMIZATION_LEVEL = 0;
				GCC_PREPROCESSOR_DEFINITIONS = (
					"DEBUG=1",
					"$(inherited)",
				);
				GCC_WARN_64_TO_32_BIT_CONVERSION = YES;
				GCC_WARN_ABOUT_RETURN_TYPE = YES_ERROR;
				GCC_WARN_UNDECLARED_SELECTOR = YES;
				GCC_WARN_UNINITIALIZED_AUTOS = YES_AGGRESSIVE;
				GCC_WARN_UNUSED_FUNCTION = YES;
				GCC_WARN_UNUSED_VARIABLE = YES;
				IPHONEOS_DEPLOYMENT_TARGET = 11.4;
				MTL_ENABLE_DEBUG_INFO = YES;
				ONLY_ACTIVE_ARCH = YES;
				SDKROOT = iphoneos;
				SWIFT_ACTIVE_COMPILATION_CONDITIONS = DEBUG;
				SWIFT_OPTIMIZATION_LEVEL = "-Onone";
			};
			name = Debug;
		};
		8A943C6020E3847A00580920 /* Release */ = {
			isa = XCBuildConfiguration;
			buildSettings = {
				ALWAYS_SEARCH_USER_PATHS = NO;
				CLANG_ANALYZER_NONNULL = YES;
				CLANG_ANALYZER_NUMBER_OBJECT_CONVERSION = YES_AGGRESSIVE;
				CLANG_CXX_LANGUAGE_STANDARD = "gnu++14";
				CLANG_CXX_LIBRARY = "libc++";
				CLANG_ENABLE_MODULES = YES;
				CLANG_ENABLE_OBJC_ARC = YES;
				CLANG_ENABLE_OBJC_WEAK = YES;
				CLANG_WARN_BLOCK_CAPTURE_AUTORELEASING = YES;
				CLANG_WARN_BOOL_CONVERSION = YES;
				CLANG_WARN_COMMA = YES;
				CLANG_WARN_CONSTANT_CONVERSION = YES;
				CLANG_WARN_DEPRECATED_OBJC_IMPLEMENTATIONS = YES;
				CLANG_WARN_DIRECT_OBJC_ISA_USAGE = YES_ERROR;
				CLANG_WARN_DOCUMENTATION_COMMENTS = YES;
				CLANG_WARN_EMPTY_BODY = YES;
				CLANG_WARN_ENUM_CONVERSION = YES;
				CLANG_WARN_INFINITE_RECURSION = YES;
				CLANG_WARN_INT_CONVERSION = YES;
				CLANG_WARN_NON_LITERAL_NULL_CONVERSION = YES;
				CLANG_WARN_OBJC_IMPLICIT_RETAIN_SELF = YES;
				CLANG_WARN_OBJC_LITERAL_CONVERSION = YES;
				CLANG_WARN_OBJC_ROOT_CLASS = YES_ERROR;
				CLANG_WARN_RANGE_LOOP_ANALYSIS = YES;
				CLANG_WARN_STRICT_PROTOTYPES = YES;
				CLANG_WARN_SUSPICIOUS_MOVE = YES;
				CLANG_WARN_UNGUARDED_AVAILABILITY = YES_AGGRESSIVE;
				CLANG_WARN_UNREACHABLE_CODE = YES;
				CLANG_WARN__DUPLICATE_METHOD_MATCH = YES;
				CODE_SIGN_IDENTITY = "iPhone Developer";
				COPY_PHASE_STRIP = NO;
				DEBUG_INFORMATION_FORMAT = "dwarf-with-dsym";
				ENABLE_NS_ASSERTIONS = NO;
				ENABLE_STRICT_OBJC_MSGSEND = YES;
				GCC_C_LANGUAGE_STANDARD = gnu11;
				GCC_NO_COMMON_BLOCKS = YES;
				GCC_WARN_64_TO_32_BIT_CONVERSION = YES;
				GCC_WARN_ABOUT_RETURN_TYPE = YES_ERROR;
				GCC_WARN_UNDECLARED_SELECTOR = YES;
				GCC_WARN_UNINITIALIZED_AUTOS = YES_AGGRESSIVE;
				GCC_WARN_UNUSED_FUNCTION = YES;
				GCC_WARN_UNUSED_VARIABLE = YES;
				IPHONEOS_DEPLOYMENT_TARGET = 11.4;
				MTL_ENABLE_DEBUG_INFO = NO;
				SDKROOT = iphoneos;
				SWIFT_COMPILATION_MODE = wholemodule;
				SWIFT_OPTIMIZATION_LEVEL = "-O";
				VALIDATE_PRODUCT = YES;
			};
			name = Release;
		};
		8A943C6220E3847A00580920 /* Debug */ = {
			isa = XCBuildConfiguration;
			baseConfigurationReference = 00FBF5712A1A06FE87766503 /* Pods-SaraminSearch.debug.xcconfig */;
			buildSettings = {
				ASSETCATALOG_COMPILER_APPICON_NAME = AppIcon;
				CODE_SIGN_STYLE = Automatic;
				DEVELOPMENT_TEAM = ZFQ4LB2HKZ;
				INFOPLIST_FILE = "$(SRCROOT)/SaraminSearch/SupportingFiles/Info.plist";
				IPHONEOS_DEPLOYMENT_TARGET = 9.0;
				LD_RUNPATH_SEARCH_PATHS = (
					"$(inherited)",
					"@executable_path/Frameworks",
				);
				PRODUCT_BUNDLE_IDENTIFIER = com.Sung9.SaraminSearch;
				PRODUCT_NAME = "$(TARGET_NAME)";
				SWIFT_VERSION = 4.0;
				TARGETED_DEVICE_FAMILY = 1;
			};
			name = Debug;
		};
		8A943C6320E3847A00580920 /* Release */ = {
			isa = XCBuildConfiguration;
			baseConfigurationReference = F6135532A035394F000BC334 /* Pods-SaraminSearch.release.xcconfig */;
			buildSettings = {
				ASSETCATALOG_COMPILER_APPICON_NAME = AppIcon;
				CODE_SIGN_STYLE = Automatic;
				DEVELOPMENT_TEAM = ZFQ4LB2HKZ;
				INFOPLIST_FILE = "$(SRCROOT)/SaraminSearch/SupportingFiles/Info.plist";
				IPHONEOS_DEPLOYMENT_TARGET = 9.0;
				LD_RUNPATH_SEARCH_PATHS = (
					"$(inherited)",
					"@executable_path/Frameworks",
				);
				PRODUCT_BUNDLE_IDENTIFIER = com.Sung9.SaraminSearch;
				PRODUCT_NAME = "$(TARGET_NAME)";
				SWIFT_VERSION = 4.0;
				TARGETED_DEVICE_FAMILY = 1;
			};
			name = Release;
		};
		8A943C6520E3847A00580920 /* Debug */ = {
			isa = XCBuildConfiguration;
			baseConfigurationReference = 4D57CBE7435A8716789AD4E2 /* Pods-SaraminSearchTests.debug.xcconfig */;
			buildSettings = {
				ALWAYS_EMBED_SWIFT_STANDARD_LIBRARIES = YES;
				BUNDLE_LOADER = "$(TEST_HOST)";
				CODE_SIGN_STYLE = Automatic;
				DEVELOPMENT_TEAM = ZFQ4LB2HKZ;
				INFOPLIST_FILE = SaraminJobSearchTests/Info.plist;
				LD_RUNPATH_SEARCH_PATHS = (
					"$(inherited)",
					"@executable_path/Frameworks",
					"@loader_path/Frameworks",
				);
				PRODUCT_BUNDLE_IDENTIFIER = com.Sung9.SaraminJobSearchTests;
				PRODUCT_NAME = "$(TARGET_NAME)";
				SWIFT_VERSION = 4.0;
				TARGETED_DEVICE_FAMILY = "1,2";
				TEST_HOST = "$(BUILT_PRODUCTS_DIR)/SaraminSearch.app/SaraminSearch";
			};
			name = Debug;
		};
		8A943C6620E3847A00580920 /* Release */ = {
			isa = XCBuildConfiguration;
			baseConfigurationReference = 38D1F715CFA71DE6F657FD60 /* Pods-SaraminSearchTests.release.xcconfig */;
			buildSettings = {
				ALWAYS_EMBED_SWIFT_STANDARD_LIBRARIES = YES;
				BUNDLE_LOADER = "$(TEST_HOST)";
				CODE_SIGN_STYLE = Automatic;
				DEVELOPMENT_TEAM = ZFQ4LB2HKZ;
				INFOPLIST_FILE = SaraminJobSearchTests/Info.plist;
				LD_RUNPATH_SEARCH_PATHS = (
					"$(inherited)",
					"@executable_path/Frameworks",
					"@loader_path/Frameworks",
				);
				PRODUCT_BUNDLE_IDENTIFIER = com.Sung9.SaraminJobSearchTests;
				PRODUCT_NAME = "$(TARGET_NAME)";
				SWIFT_VERSION = 4.0;
				TARGETED_DEVICE_FAMILY = "1,2";
				TEST_HOST = "$(BUILT_PRODUCTS_DIR)/SaraminSearch.app/SaraminSearch";
			};
			name = Release;
		};
		8A943C6820E3847A00580920 /* Debug */ = {
			isa = XCBuildConfiguration;
			baseConfigurationReference = 7ACDDE9DFA6EB5AF7E170A51 /* Pods-SaraminSearchUITests.debug.xcconfig */;
			buildSettings = {
				ALWAYS_EMBED_SWIFT_STANDARD_LIBRARIES = YES;
				CODE_SIGN_STYLE = Automatic;
				DEVELOPMENT_TEAM = ZFQ4LB2HKZ;
				INFOPLIST_FILE = SaraminJobSearchUITests/Info.plist;
				LD_RUNPATH_SEARCH_PATHS = (
					"$(inherited)",
					"@executable_path/Frameworks",
					"@loader_path/Frameworks",
				);
				PRODUCT_BUNDLE_IDENTIFIER = com.Sung9.SaraminJobSearchUITests;
				PRODUCT_NAME = "$(TARGET_NAME)";
				SWIFT_VERSION = 4.0;
				TARGETED_DEVICE_FAMILY = "1,2";
				TEST_TARGET_NAME = SaraminJobSearch;
			};
			name = Debug;
		};
		8A943C6920E3847A00580920 /* Release */ = {
			isa = XCBuildConfiguration;
			baseConfigurationReference = 4FF37F709C7D65BFDCCDEB2E /* Pods-SaraminSearchUITests.release.xcconfig */;
			buildSettings = {
				ALWAYS_EMBED_SWIFT_STANDARD_LIBRARIES = YES;
				CODE_SIGN_STYLE = Automatic;
				DEVELOPMENT_TEAM = ZFQ4LB2HKZ;
				INFOPLIST_FILE = SaraminJobSearchUITests/Info.plist;
				LD_RUNPATH_SEARCH_PATHS = (
					"$(inherited)",
					"@executable_path/Frameworks",
					"@loader_path/Frameworks",
				);
				PRODUCT_BUNDLE_IDENTIFIER = com.Sung9.SaraminJobSearchUITests;
				PRODUCT_NAME = "$(TARGET_NAME)";
				SWIFT_VERSION = 4.0;
				TARGETED_DEVICE_FAMILY = "1,2";
				TEST_TARGET_NAME = SaraminJobSearch;
			};
			name = Release;
		};
/* End XCBuildConfiguration section */

/* Begin XCConfigurationList section */
		8A943C3420E3847700580920 /* Build configuration list for PBXProject "SaraminSearch" */ = {
			isa = XCConfigurationList;
			buildConfigurations = (
				8A943C5F20E3847A00580920 /* Debug */,
				8A943C6020E3847A00580920 /* Release */,
			);
			defaultConfigurationIsVisible = 0;
			defaultConfigurationName = Release;
		};
		8A943C6120E3847A00580920 /* Build configuration list for PBXNativeTarget "SaraminSearch" */ = {
			isa = XCConfigurationList;
			buildConfigurations = (
				8A943C6220E3847A00580920 /* Debug */,
				8A943C6320E3847A00580920 /* Release */,
			);
			defaultConfigurationIsVisible = 0;
			defaultConfigurationName = Release;
		};
		8A943C6420E3847A00580920 /* Build configuration list for PBXNativeTarget "SaraminSearchTests" */ = {
			isa = XCConfigurationList;
			buildConfigurations = (
				8A943C6520E3847A00580920 /* Debug */,
				8A943C6620E3847A00580920 /* Release */,
			);
			defaultConfigurationIsVisible = 0;
			defaultConfigurationName = Release;
		};
		8A943C6720E3847A00580920 /* Build configuration list for PBXNativeTarget "SaraminSearchUITests" */ = {
			isa = XCConfigurationList;
			buildConfigurations = (
				8A943C6820E3847A00580920 /* Debug */,
				8A943C6920E3847A00580920 /* Release */,
			);
			defaultConfigurationIsVisible = 0;
			defaultConfigurationName = Release;
		};
/* End XCConfigurationList section */
	};
	rootObject = 8A943C3120E3847700580920 /* Project object */;
}
